
Microsoft Visual Studio Solution File, Format Version 12.00
# Visual Studio Version 17
VisualStudioVersion = 17.8.34322.80
MinimumVisualStudioVersion = 10.0.40219.1
Project("{FAE04EC0-301F-11D3-BF4B-00C04F79EFBC}") = "Moi", "Moi\Moi.csproj", "{D313F7AD-E5D6-4DC6-9B7B-97F84D7F9331}"
EndProject
Global
	GlobalSection(SolutionConfigurationPlatforms) = preSolution
		Debug|Any CPU = Debug|Any CPU
		Release|Any CPU = Release|Any CPU
	EndGlobalSection
	GlobalSection(ProjectConfigurationPlatforms) = postSolution
		{D313F7AD-E5D6-4DC6-9B7B-97F84D7F9331}.Debug|Any CPU.ActiveCfg = Debug|Any CPU
		{D313F7AD-E5D6-4DC6-9B7B-97F84D7F9331}.Debug|Any CPU.Build.0 = Debug|Any CPU
		{D313F7AD-E5D6-4DC6-9B7B-97F84D7F9331}.Release|Any CPU.ActiveCfg = Release|Any CPU
		{D313F7AD-E5D6-4DC6-9B7B-97F84D7F9331}.Release|Any CPU.Build.0 = Release|Any CPU
	EndGlobalSection
	GlobalSection(SolutionProperties) = preSolution
		HideSolutionNode = FALSE
	EndGlobalSection
	GlobalSection(ExtensibilityGlobals) = postSolution
		SolutionGuid = {7934624F-D872-4C56-A8E6-F1F38B2BD272}
	EndGlobalSection
EndGlobal
